
Microsoft Visual Studio Solution File, Format Version 12.00
# Visual Studio Version 16
VisualStudioVersion = 16.0.30503.244
MinimumVisualStudioVersion = 10.0.40219.1
Project("{FAE04EC0-301F-11D3-BF4B-00C04F79EFBC}") = "TransporortApp", "TransporortApp\TransporortApp.csproj", "{8B891805-34A1-4865-B3E5-E8BA06D45427}"
EndProject
Global
	GlobalSection(SolutionConfigurationPlatforms) = preSolution
		Debug|Any CPU = Debug|Any CPU
		Release|Any CPU = Release|Any CPU
	EndGlobalSection
	GlobalSection(ProjectConfigurationPlatforms) = postSolution
		{8B891805-34A1-4865-B3E5-E8BA06D45427}.Debug|Any CPU.ActiveCfg = Debug|Any CPU
		{8B891805-34A1-4865-B3E5-E8BA06D45427}.Debug|Any CPU.Build.0 = Debug|Any CPU
		{8B891805-34A1-4865-B3E5-E8BA06D45427}.Release|Any CPU.ActiveCfg = Release|Any CPU
		{8B891805-34A1-4865-B3E5-E8BA06D45427}.Release|Any CPU.Build.0 = Release|Any CPU
	EndGlobalSection
	GlobalSection(SolutionProperties) = preSolution
		HideSolutionNode = FALSE
	EndGlobalSection
	GlobalSection(ExtensibilityGlobals) = postSolution
		SolutionGuid = {6657B8E4-1C69-48EC-A0E0-31781066CE0B}
	EndGlobalSection
EndGlobal
